
Microsoft Visual Studio Solution File, Format Version 12.00
# Visual Studio 15
VisualStudioVersion = 15.0.28307.902
MinimumVisualStudioVersion = 10.0.40219.1
Project("{FAE04EC0-301F-11D3-BF4B-00C04F79EFBC}") = "AtivSem01", "AtivSem01\AtivSem01.csproj", "{3E2E6371-9839-440B-BDF6-E3C5B23E6B15}"
EndProject
Global
	GlobalSection(SolutionConfigurationPlatforms) = preSolution
		Debug|Any CPU = Debug|Any CPU
		Release|Any CPU = Release|Any CPU
	EndGlobalSection
	GlobalSection(ProjectConfigurationPlatforms) = postSolution
		{3E2E6371-9839-440B-BDF6-E3C5B23E6B15}.Debug|Any CPU.ActiveCfg = Debug|Any CPU
		{3E2E6371-9839-440B-BDF6-E3C5B23E6B15}.Debug|Any CPU.Build.0 = Debug|Any CPU
		{3E2E6371-9839-440B-BDF6-E3C5B23E6B15}.Release|Any CPU.ActiveCfg = Release|Any CPU
		{3E2E6371-9839-440B-BDF6-E3C5B23E6B15}.Release|Any CPU.Build.0 = Release|Any CPU
	EndGlobalSection
	GlobalSection(SolutionProperties) = preSolution
		HideSolutionNode = FALSE
	EndGlobalSection
	GlobalSection(ExtensibilityGlobals) = postSolution
		SolutionGuid = {B9990102-90B4-4326-A2AD-5B40A9B35F00}
	EndGlobalSection
EndGlobal
